
Microsoft Visual Studio Solution File, Format Version 12.00
# Visual Studio 2013
VisualStudioVersion = 12.0.40629.0
MinimumVisualStudioVersion = 10.0.40219.1
Project("{FAE04EC0-301F-11D3-BF4B-00C04F79EFBC}") = "Synchronica", "Synchronica\Synchronica.csproj", "{707D6245-9075-41B0-989B-301F7CB9C4CA}"
EndProject
Project("{FAE04EC0-301F-11D3-BF4B-00C04F79EFBC}") = "SynchronicaTests", "SynchronicaTests\SynchronicaTests.csproj", "{3A0002F5-4D89-4D0C-AA1F-CC6C5FAD9BF5}"
EndProject
Project("{FAE04EC0-301F-11D3-BF4B-00C04F79EFBC}") = "SynchronicaExamples", "SynchronicaExamples\SynchronicaExamples.csproj", "{5D81BDF2-360D-49FE-AFFB-9BC72306503C}"
EndProject
Global
	GlobalSection(SolutionConfigurationPlatforms) = preSolution
		Debug|Any CPU = Debug|Any CPU
		Release|Any CPU = Release|Any CPU
	EndGlobalSection
	GlobalSection(ProjectConfigurationPlatforms) = postSolution
		{707D6245-9075-41B0-989B-301F7CB9C4CA}.Debug|Any CPU.ActiveCfg = Debug|Any CPU
		{707D6245-9075-41B0-989B-301F7CB9C4CA}.Debug|Any CPU.Build.0 = Debug|Any CPU
		{707D6245-9075-41B0-989B-301F7CB9C4CA}.Release|Any CPU.ActiveCfg = Release|Any CPU
		{707D6245-9075-41B0-989B-301F7CB9C4CA}.Release|Any CPU.Build.0 = Release|Any CPU
		{3A0002F5-4D89-4D0C-AA1F-CC6C5FAD9BF5}.Debug|Any CPU.ActiveCfg = Debug|Any CPU
		{3A0002F5-4D89-4D0C-AA1F-CC6C5FAD9BF5}.Debug|Any CPU.Build.0 = Debug|Any CPU
		{3A0002F5-4D89-4D0C-AA1F-CC6C5FAD9BF5}.Release|Any CPU.ActiveCfg = Release|Any CPU
		{3A0002F5-4D89-4D0C-AA1F-CC6C5FAD9BF5}.Release|Any CPU.Build.0 = Release|Any CPU
		{5D81BDF2-360D-49FE-AFFB-9BC72306503C}.Debug|Any CPU.ActiveCfg = Debug|Any CPU
		{5D81BDF2-360D-49FE-AFFB-9BC72306503C}.Debug|Any CPU.Build.0 = Debug|Any CPU
		{5D81BDF2-360D-49FE-AFFB-9BC72306503C}.Release|Any CPU.ActiveCfg = Release|Any CPU
		{5D81BDF2-360D-49FE-AFFB-9BC72306503C}.Release|Any CPU.Build.0 = Release|Any CPU
	EndGlobalSection
	GlobalSection(SolutionProperties) = preSolution
		HideSolutionNode = FALSE
	EndGlobalSection
EndGlobal
